
Microsoft Visual Studio Solution File, Format Version 12.00
# Visual Studio Version 17
VisualStudioVersion = 17.5.33530.505
MinimumVisualStudioVersion = 10.0.40219.1
Project("{FAE04EC0-301F-11D3-BF4B-00C04F79EFBC}") = "FirstMVCProject", "1. First MVC Project\FirstMVCProject.csproj", "{8078C0D6-C1CF-4C6E-BDF8-C7758E7EC96F}"
EndProject
Global
	GlobalSection(SolutionConfigurationPlatforms) = preSolution
		Debug|Any CPU = Debug|Any CPU
		Release|Any CPU = Release|Any CPU
	EndGlobalSection
	GlobalSection(ProjectConfigurationPlatforms) = postSolution
		{8078C0D6-C1CF-4C6E-BDF8-C7758E7EC96F}.Debug|Any CPU.ActiveCfg = Debug|Any CPU
		{8078C0D6-C1CF-4C6E-BDF8-C7758E7EC96F}.Debug|Any CPU.Build.0 = Debug|Any CPU
		{8078C0D6-C1CF-4C6E-BDF8-C7758E7EC96F}.Release|Any CPU.ActiveCfg = Release|Any CPU
		{8078C0D6-C1CF-4C6E-BDF8-C7758E7EC96F}.Release|Any CPU.Build.0 = Release|Any CPU
	EndGlobalSection
	GlobalSection(SolutionProperties) = preSolution
		HideSolutionNode = FALSE
	EndGlobalSection
	GlobalSection(ExtensibilityGlobals) = postSolution
		SolutionGuid = {E233A5C1-5AB0-4430-825D-8710A86F75BD}
	EndGlobalSection
EndGlobal
