
Microsoft Visual Studio Solution File, Format Version 12.00
# Visual Studio Version 17
VisualStudioVersion = 17.4.33110.190
MinimumVisualStudioVersion = 10.0.40219.1
Project("{FAE04EC0-301F-11D3-BF4B-00C04F79EFBC}") = "2. Buttons", "2. Buttons.csproj", "{0D863E1E-89DA-4C74-B0DB-D8243706DE60}"
EndProject
Global
	GlobalSection(SolutionConfigurationPlatforms) = preSolution
		Debug|Any CPU = Debug|Any CPU
		Release|Any CPU = Release|Any CPU
	EndGlobalSection
	GlobalSection(ProjectConfigurationPlatforms) = postSolution
		{0D863E1E-89DA-4C74-B0DB-D8243706DE60}.Debug|Any CPU.ActiveCfg = Debug|Any CPU
		{0D863E1E-89DA-4C74-B0DB-D8243706DE60}.Debug|Any CPU.Build.0 = Debug|Any CPU
		{0D863E1E-89DA-4C74-B0DB-D8243706DE60}.Release|Any CPU.ActiveCfg = Release|Any CPU
		{0D863E1E-89DA-4C74-B0DB-D8243706DE60}.Release|Any CPU.Build.0 = Release|Any CPU
	EndGlobalSection
	GlobalSection(SolutionProperties) = preSolution
		HideSolutionNode = FALSE
	EndGlobalSection
	GlobalSection(ExtensibilityGlobals) = postSolution
		SolutionGuid = {FB15C307-6F9A-493A-8197-EE3A02763B0C}
	EndGlobalSection
EndGlobal
