
Microsoft Visual Studio Solution File, Format Version 12.00
# Visual Studio Version 17
VisualStudioVersion = 17.4.33110.190
MinimumVisualStudioVersion = 10.0.40219.1
Project("{FAE04EC0-301F-11D3-BF4B-00C04F79EFBC}") = "8. Combobox", "8. Combobox.csproj", "{3A723C7B-4E1D-438E-8D95-E08D04E2757D}"
EndProject
Global
	GlobalSection(SolutionConfigurationPlatforms) = preSolution
		Debug|Any CPU = Debug|Any CPU
		Release|Any CPU = Release|Any CPU
	EndGlobalSection
	GlobalSection(ProjectConfigurationPlatforms) = postSolution
		{3A723C7B-4E1D-438E-8D95-E08D04E2757D}.Debug|Any CPU.ActiveCfg = Debug|Any CPU
		{3A723C7B-4E1D-438E-8D95-E08D04E2757D}.Debug|Any CPU.Build.0 = Debug|Any CPU
		{3A723C7B-4E1D-438E-8D95-E08D04E2757D}.Release|Any CPU.ActiveCfg = Release|Any CPU
		{3A723C7B-4E1D-438E-8D95-E08D04E2757D}.Release|Any CPU.Build.0 = Release|Any CPU
	EndGlobalSection
	GlobalSection(SolutionProperties) = preSolution
		HideSolutionNode = FALSE
	EndGlobalSection
	GlobalSection(ExtensibilityGlobals) = postSolution
		SolutionGuid = {1A9920F2-DFE0-43CF-8246-B9BA427E3525}
	EndGlobalSection
EndGlobal
