
Microsoft Visual Studio Solution File, Format Version 12.00
# Visual Studio Version 17
VisualStudioVersion = 17.4.33110.190
MinimumVisualStudioVersion = 10.0.40219.1
Project("{FAE04EC0-301F-11D3-BF4B-00C04F79EFBC}") = "1. While DoWhile", "1. While DoWhile.csproj", "{18522EC7-EC0C-42A2-B5CF-4D5095124FF7}"
EndProject
Global
	GlobalSection(SolutionConfigurationPlatforms) = preSolution
		Debug|Any CPU = Debug|Any CPU
		Release|Any CPU = Release|Any CPU
	EndGlobalSection
	GlobalSection(ProjectConfigurationPlatforms) = postSolution
		{18522EC7-EC0C-42A2-B5CF-4D5095124FF7}.Debug|Any CPU.ActiveCfg = Debug|Any CPU
		{18522EC7-EC0C-42A2-B5CF-4D5095124FF7}.Debug|Any CPU.Build.0 = Debug|Any CPU
		{18522EC7-EC0C-42A2-B5CF-4D5095124FF7}.Release|Any CPU.ActiveCfg = Release|Any CPU
		{18522EC7-EC0C-42A2-B5CF-4D5095124FF7}.Release|Any CPU.Build.0 = Release|Any CPU
	EndGlobalSection
	GlobalSection(SolutionProperties) = preSolution
		HideSolutionNode = FALSE
	EndGlobalSection
	GlobalSection(ExtensibilityGlobals) = postSolution
		SolutionGuid = {54E6261D-F74F-4221-9004-5B300D99B174}
	EndGlobalSection
EndGlobal
