
Microsoft Visual Studio Solution File, Format Version 12.00
# Visual Studio Version 17
VisualStudioVersion = 17.4.33110.190
MinimumVisualStudioVersion = 10.0.40219.1
Project("{FAE04EC0-301F-11D3-BF4B-00C04F79EFBC}") = "firstProject1", "firstProject1.csproj", "{73119083-E59D-424B-B232-E829D41C3884}"
EndProject
Global
	GlobalSection(SolutionConfigurationPlatforms) = preSolution
		Debug|Any CPU = Debug|Any CPU
		Release|Any CPU = Release|Any CPU
	EndGlobalSection
	GlobalSection(ProjectConfigurationPlatforms) = postSolution
		{73119083-E59D-424B-B232-E829D41C3884}.Debug|Any CPU.ActiveCfg = Debug|Any CPU
		{73119083-E59D-424B-B232-E829D41C3884}.Debug|Any CPU.Build.0 = Debug|Any CPU
		{73119083-E59D-424B-B232-E829D41C3884}.Release|Any CPU.ActiveCfg = Release|Any CPU
		{73119083-E59D-424B-B232-E829D41C3884}.Release|Any CPU.Build.0 = Release|Any CPU
	EndGlobalSection
	GlobalSection(SolutionProperties) = preSolution
		HideSolutionNode = FALSE
	EndGlobalSection
	GlobalSection(ExtensibilityGlobals) = postSolution
		SolutionGuid = {50617610-377B-4831-ADD3-277E79F8310C}
	EndGlobalSection
EndGlobal
