
Microsoft Visual Studio Solution File, Format Version 12.00
# Visual Studio Version 17
VisualStudioVersion = 17.4.33110.190
MinimumVisualStudioVersion = 10.0.40219.1
Project("{FAE04EC0-301F-11D3-BF4B-00C04F79EFBC}") = "Arrays", "Arrays.csproj", "{3B404058-B997-405A-B217-14C50B79DC5D}"
EndProject
Global
	GlobalSection(SolutionConfigurationPlatforms) = preSolution
		Debug|Any CPU = Debug|Any CPU
		Release|Any CPU = Release|Any CPU
	EndGlobalSection
	GlobalSection(ProjectConfigurationPlatforms) = postSolution
		{3B404058-B997-405A-B217-14C50B79DC5D}.Debug|Any CPU.ActiveCfg = Debug|Any CPU
		{3B404058-B997-405A-B217-14C50B79DC5D}.Debug|Any CPU.Build.0 = Debug|Any CPU
		{3B404058-B997-405A-B217-14C50B79DC5D}.Release|Any CPU.ActiveCfg = Release|Any CPU
		{3B404058-B997-405A-B217-14C50B79DC5D}.Release|Any CPU.Build.0 = Release|Any CPU
	EndGlobalSection
	GlobalSection(SolutionProperties) = preSolution
		HideSolutionNode = FALSE
	EndGlobalSection
	GlobalSection(ExtensibilityGlobals) = postSolution
		SolutionGuid = {48997B98-BC5C-4FA4-A955-55869E08D32E}
	EndGlobalSection
EndGlobal
