
Microsoft Visual Studio Solution File, Format Version 12.00
# Visual Studio Version 17
VisualStudioVersion = 17.4.33110.190
MinimumVisualStudioVersion = 10.0.40219.1
Project("{FAE04EC0-301F-11D3-BF4B-00C04F79EFBC}") = "PizzaStore2", "PizzaStore2.csproj", "{17759B55-BE35-4929-8319-75380BEDF4EF}"
EndProject
Global
	GlobalSection(SolutionConfigurationPlatforms) = preSolution
		Debug|Any CPU = Debug|Any CPU
		Release|Any CPU = Release|Any CPU
	EndGlobalSection
	GlobalSection(ProjectConfigurationPlatforms) = postSolution
		{17759B55-BE35-4929-8319-75380BEDF4EF}.Debug|Any CPU.ActiveCfg = Debug|Any CPU
		{17759B55-BE35-4929-8319-75380BEDF4EF}.Debug|Any CPU.Build.0 = Debug|Any CPU
		{17759B55-BE35-4929-8319-75380BEDF4EF}.Release|Any CPU.ActiveCfg = Release|Any CPU
		{17759B55-BE35-4929-8319-75380BEDF4EF}.Release|Any CPU.Build.0 = Release|Any CPU
	EndGlobalSection
	GlobalSection(SolutionProperties) = preSolution
		HideSolutionNode = FALSE
	EndGlobalSection
	GlobalSection(ExtensibilityGlobals) = postSolution
		SolutionGuid = {33468CC2-AC2D-4DD4-9FF6-FCE5D6174CF0}
	EndGlobalSection
EndGlobal
