
Microsoft Visual Studio Solution File, Format Version 12.00
# Visual Studio Version 17
VisualStudioVersion = 17.4.33110.190
MinimumVisualStudioVersion = 10.0.40219.1
Project("{FAE04EC0-301F-11D3-BF4B-00C04F79EFBC}") = "2. Using List Class", "2. Using List Class.csproj", "{FED4A751-E50D-4F0B-A8F7-89E3526CE795}"
EndProject
Global
	GlobalSection(SolutionConfigurationPlatforms) = preSolution
		Debug|Any CPU = Debug|Any CPU
		Release|Any CPU = Release|Any CPU
	EndGlobalSection
	GlobalSection(ProjectConfigurationPlatforms) = postSolution
		{FED4A751-E50D-4F0B-A8F7-89E3526CE795}.Debug|Any CPU.ActiveCfg = Debug|Any CPU
		{FED4A751-E50D-4F0B-A8F7-89E3526CE795}.Debug|Any CPU.Build.0 = Debug|Any CPU
		{FED4A751-E50D-4F0B-A8F7-89E3526CE795}.Release|Any CPU.ActiveCfg = Release|Any CPU
		{FED4A751-E50D-4F0B-A8F7-89E3526CE795}.Release|Any CPU.Build.0 = Release|Any CPU
	EndGlobalSection
	GlobalSection(SolutionProperties) = preSolution
		HideSolutionNode = FALSE
	EndGlobalSection
	GlobalSection(ExtensibilityGlobals) = postSolution
		SolutionGuid = {F7C63443-3C37-41E4-BC36-8A82A833A3FB}
	EndGlobalSection
EndGlobal
