
Microsoft Visual Studio Solution File, Format Version 12.00
# Visual Studio Version 17
VisualStudioVersion = 17.4.33110.190
MinimumVisualStudioVersion = 10.0.40219.1
Project("{FAE04EC0-301F-11D3-BF4B-00C04F79EFBC}") = "4. Using Timer Class", "4. Using Timer Class.csproj", "{3F20454C-D7A6-4385-B981-48A47CBBD381}"
EndProject
Global
	GlobalSection(SolutionConfigurationPlatforms) = preSolution
		Debug|Any CPU = Debug|Any CPU
		Release|Any CPU = Release|Any CPU
	EndGlobalSection
	GlobalSection(ProjectConfigurationPlatforms) = postSolution
		{3F20454C-D7A6-4385-B981-48A47CBBD381}.Debug|Any CPU.ActiveCfg = Debug|Any CPU
		{3F20454C-D7A6-4385-B981-48A47CBBD381}.Debug|Any CPU.Build.0 = Debug|Any CPU
		{3F20454C-D7A6-4385-B981-48A47CBBD381}.Release|Any CPU.ActiveCfg = Release|Any CPU
		{3F20454C-D7A6-4385-B981-48A47CBBD381}.Release|Any CPU.Build.0 = Release|Any CPU
	EndGlobalSection
	GlobalSection(SolutionProperties) = preSolution
		HideSolutionNode = FALSE
	EndGlobalSection
	GlobalSection(ExtensibilityGlobals) = postSolution
		SolutionGuid = {804365C0-DA11-4571-8560-3754D3178197}
	EndGlobalSection
EndGlobal
