
Microsoft Visual Studio Solution File, Format Version 12.00
# Visual Studio Version 17
VisualStudioVersion = 17.4.33110.190
MinimumVisualStudioVersion = 10.0.40219.1
Project("{FAE04EC0-301F-11D3-BF4B-00C04F79EFBC}") = "6. Abstract", "6. Abstract.csproj", "{66497711-AC7E-45FF-BE1F-4D0AFC045D52}"
EndProject
Global
	GlobalSection(SolutionConfigurationPlatforms) = preSolution
		Debug|Any CPU = Debug|Any CPU
		Release|Any CPU = Release|Any CPU
	EndGlobalSection
	GlobalSection(ProjectConfigurationPlatforms) = postSolution
		{66497711-AC7E-45FF-BE1F-4D0AFC045D52}.Debug|Any CPU.ActiveCfg = Debug|Any CPU
		{66497711-AC7E-45FF-BE1F-4D0AFC045D52}.Debug|Any CPU.Build.0 = Debug|Any CPU
		{66497711-AC7E-45FF-BE1F-4D0AFC045D52}.Release|Any CPU.ActiveCfg = Release|Any CPU
		{66497711-AC7E-45FF-BE1F-4D0AFC045D52}.Release|Any CPU.Build.0 = Release|Any CPU
	EndGlobalSection
	GlobalSection(SolutionProperties) = preSolution
		HideSolutionNode = FALSE
	EndGlobalSection
	GlobalSection(ExtensibilityGlobals) = postSolution
		SolutionGuid = {274D43B5-DCBC-409C-B7B3-8AB28E941399}
	EndGlobalSection
EndGlobal
